// !$*UTF8*$!
{
	archiveVersion = 1;
	classes = {
	};
	objectVersion = 56;
	objects = {

/* Begin PBXBuildFile section */
		A520265F2A1A7C8A00A5161B /* BNRPortfolio.m in Sources */ = {isa = PBXBuildFile; fileRef = A520265E2A1A7C8A00A5161B /* BNRPortfolio.m */; };
		A5C8CD1D2A13D63200A8CC82 /* main.m in Sources */ = {isa = PBXBuildFile; fileRef = A5C8CD1C2A13D63200A8CC82 /* main.m */; };
		A5C8CD252A13D67900A8CC82 /* BNRStockHolding.m in Sources */ = {isa = PBXBuildFile; fileRef = A5C8CD242A13D67900A8CC82 /* BNRStockHolding.m */; };
		A5C8CD282A13DAFB00A8CC82 /* BNRForeignStockHolding.m in Sources */ = {isa = PBXBuildFile; fileRef = A5C8CD272A13DAFB00A8CC82 /* BNRForeignStockHolding.m */; };
/* End PBXBuildFile section */

/* Begin PBXCopyFilesBuildPhase section */
		A5C8CD172A13D63200A8CC82 /* CopyFiles */ = {
			isa = PBXCopyFilesBuildPhase;
			buildActionMask = 2147483647;
			dstPath = /usr/share/man/man1/;
			dstSubfolderSpec = 0;
			files = (
			);
			runOnlyForDeploymentPostprocessing = 1;
		};
/* End PBXCopyFilesBuildPhase section */

/* Begin PBXFileReference section */
		A520265D2A1A7C8A00A5161B /* BNRPortfolio.h */ = {isa = PBXFileReference; lastKnownFileType = sourcecode.c.h; path = BNRPortfolio.h; sourceTree = "<group>"; };
		A520265E2A1A7C8A00A5161B /* BNRPortfolio.m */ = {isa = PBXFileReference; lastKnownFileType = sourcecode.c.objc; path = BNRPortfolio.m; sourceTree = "<group>"; };
		A5C8CD192A13D63200A8CC82 /* ForeignStock_Ch22_Challenge */ = {isa = PBXFileReference; explicitFileType = "compiled.mach-o.executable"; includeInIndex = 0; path = ForeignStock_Ch22_Challenge; sourceTree = BUILT_PRODUCTS_DIR; };
		A5C8CD1C2A13D63200A8CC82 /* main.m */ = {isa = PBXFileReference; lastKnownFileType = sourcecode.c.objc; path = main.m; sourceTree = "<group>"; };
		A5C8CD232A13D67900A8CC82 /* BNRStockHolding.h */ = {isa = PBXFileReference; lastKnownFileType = sourcecode.c.h; path = BNRStockHolding.h; sourceTree = "<group>"; };
		A5C8CD242A13D67900A8CC82 /* BNRStockHolding.m */ = {isa = PBXFileReference; lastKnownFileType = sourcecode.c.objc; path = BNRStockHolding.m; sourceTree = "<group>"; };
		A5C8CD262A13DAFB00A8CC82 /* BNRForeignStockHolding.h */ = {isa = PBXFileReference; lastKnownFileType = sourcecode.c.h; path = BNRForeignStockHolding.h; sourceTree = "<group>"; };
		A5C8CD272A13DAFB00A8CC82 /* BNRForeignStockHolding.m */ = {isa = PBXFileReference; lastKnownFileType = sourcecode.c.objc; path = BNRForeignStockHolding.m; sourceTree = "<group>"; };
/* End PBXFileReference section */

/* Begin PBXFrameworksBuildPhase section */
		A5C8CD162A13D63200A8CC82 /* Frameworks */ = {
			isa = PBXFrameworksBuildPhase;
			buildActionMask = 2147483647;
			files = (
			);
			runOnlyForDeploymentPostprocessing = 0;
		};
/* End PBXFrameworksBuildPhase section */

/* Begin PBXGroup section */
		A5C8CD102A13D63200A8CC82 = {
			isa = PBXGroup;
			children = (
				A5C8CD262A13DAFB00A8CC82 /* BNRForeignStockHolding.h */,
				A5C8CD272A13DAFB00A8CC82 /* BNRForeignStockHolding.m */,
				A520265D2A1A7C8A00A5161B /* BNRPortfolio.h */,
				A520265E2A1A7C8A00A5161B /* BNRPortfolio.m */,
				A5C8CD232A13D67900A8CC82 /* BNRStockHolding.h */,
				A5C8CD242A13D67900A8CC82 /* BNRStockHolding.m */,
				A5C8CD1B2A13D63200A8CC82 /* ForeignStock_Ch22_Challenge */,
				A5C8CD1A2A13D63200A8CC82 /* Products */,
			);
			sourceTree = "<group>";
		};
		A5C8CD1A2A13D63200A8CC82 /* Products */ = {
			isa = PBXGroup;
			children = (
				A5C8CD192A13D63200A8CC82 /* ForeignStock_Ch22_Challenge */,
			);
			name = Products;
			sourceTree = "<group>";
		};
		A5C8CD1B2A13D63200A8CC82 /* ForeignStock_Ch22_Challenge */ = {
			isa = PBXGroup;
			children = (
				A5C8CD1C2A13D63200A8CC82 /* main.m */,
			);
			path = ForeignStock_Ch22_Challenge;
			sourceTree = "<group>";
		};
/* End PBXGroup section */

/* Begin PBXNativeTarget section */
		A5C8CD182A13D63200A8CC82 /* ForeignStock_Ch22_Challenge */ = {
			isa = PBXNativeTarget;
			buildConfigurationList = A5C8CD202A13D63200A8CC82 /* Build configuration list for PBXNativeTarget "ForeignStock_Ch22_Challenge" */;
			buildPhases = (
				A5C8CD152A13D63200A8CC82 /* Sources */,
				A5C8CD162A13D63200A8CC82 /* Frameworks */,
				A5C8CD172A13D63200A8CC82 /* CopyFiles */,
			);
			buildRules = (
			);
			dependencies = (
			);
			name = ForeignStock_Ch22_Challenge;
			productName = ForeignStock_Ch20_Challenge;
			productReference = A5C8CD192A13D63200A8CC82 /* ForeignStock_Ch22_Challenge */;
			productType = "com.apple.product-type.tool";
		};
/* End PBXNativeTarget section */

/* Begin PBXProject section */
		A5C8CD112A13D63200A8CC82 /* Project object */ = {
			isa = PBXProject;
			attributes = {
				BuildIndependentTargetsInParallel = 1;
				LastUpgradeCheck = 1430;
				TargetAttributes = {
					A5C8CD182A13D63200A8CC82 = {
						CreatedOnToolsVersion = 14.3;
					};
				};
			};
			buildConfigurationList = A5C8CD142A13D63200A8CC82 /* Build configuration list for PBXProject "ForeignStock_Ch22_Challenge" */;
			compatibilityVersion = "Xcode 14.0";
			developmentRegion = en;
			hasScannedForEncodings = 0;
			knownRegions = (
				en,
				Base,
			);
			mainGroup = A5C8CD102A13D63200A8CC82;
			productRefGroup = A5C8CD1A2A13D63200A8CC82 /* Products */;
			projectDirPath = "";
			projectRoot = "";
			targets = (
				A5C8CD182A13D63200A8CC82 /* ForeignStock_Ch22_Challenge */,
			);
		};
/* End PBXProject section */

/* Begin PBXSourcesBuildPhase section */
		A5C8CD152A13D63200A8CC82 /* Sources */ = {
			isa = PBXSourcesBuildPhase;
			buildActionMask = 2147483647;
			files = (
				A5C8CD282A13DAFB00A8CC82 /* BNRForeignStockHolding.m in Sources */,
				A520265F2A1A7C8A00A5161B /* BNRPortfolio.m in Sources */,
				A5C8CD1D2A13D63200A8CC82 /* main.m in Sources */,
				A5C8CD252A13D67900A8CC82 /* BNRStockHolding.m in Sources */,
			);
			runOnlyForDeploymentPostprocessing = 0;
		};
/* End PBXSourcesBuildPhase section */

/* Begin XCBuildConfiguration section */
		A5C8CD1E2A13D63200A8CC82 /* Debug */ = {
			isa = XCBuildConfiguration;
			buildSettings = {
				ALWAYS_SEARCH_USER_PATHS = NO;
				CLANG_ANALYZER_NONNULL = YES;
				CLANG_ANALYZER_NUMBER_OBJECT_CONVERSION = YES_AGGRESSIVE;
				CLANG_CXX_LANGUAGE_STANDARD = "gnu++20";
				CLANG_ENABLE_MODULES = YES;
				CLANG_ENABLE_OBJC_ARC = YES;
				CLANG_ENABLE_OBJC_WEAK = YES;
				CLANG_WARN_BLOCK_CAPTURE_AUTORELEASING = YES;
				CLANG_WARN_BOOL_CONVERSION = YES;
				CLANG_WARN_COMMA = YES;
				CLANG_WARN_CONSTANT_CONVERSION = YES;
				CLANG_WARN_DEPRECATED_OBJC_IMPLEMENTATIONS = YES;
				CLANG_WARN_DIRECT_OBJC_ISA_USAGE = YES_ERROR;
				CLANG_WARN_DOCUMENTATION_COMMENTS = YES;
				CLANG_WARN_EMPTY_BODY = YES;
				CLANG_WARN_ENUM_CONVERSION = YES;
				CLANG_WARN_INFINITE_RECURSION = YES;
				CLANG_WARN_INT_CONVERSION = YES;
				CLANG_WARN_NON_LITERAL_NULL_CONVERSION = YES;
				CLANG_WARN_OBJC_IMPLICIT_RETAIN_SELF = YES;
				CLANG_WARN_OBJC_LITERAL_CONVERSION = YES;
				CLANG_WARN_OBJC_ROOT_CLASS = YES_ERROR;
				CLANG_WARN_QUOTED_INCLUDE_IN_FRAMEWORK_HEADER = YES;
				CLANG_WARN_RANGE_LOOP_ANALYSIS = YES;
				CLANG_WARN_STRICT_PROTOTYPES = YES;
				CLANG_WARN_SUSPICIOUS_MOVE = YES;
				CLANG_WARN_UNGUARDED_AVAILABILITY = YES_AGGRESSIVE;
				CLANG_WARN_UNREACHABLE_CODE = YES;
				CLANG_WARN__DUPLICATE_METHOD_MATCH = YES;
				COPY_PHASE_STRIP = NO;
				DEBUG_INFORMATION_FORMAT = dwarf;
				ENABLE_STRICT_OBJC_MSGSEND = YES;
				ENABLE_TESTABILITY = YES;
				GCC_C_LANGUAGE_STANDARD = gnu11;
				GCC_DYNAMIC_NO_PIC = NO;
				GCC_NO_COMMON_BLOCKS = YES;
				GCC_OPTIMIZATION_LEVEL = 0;
				GCC_PREPROCESSOR_DEFINITIONS = (
					"DEBUG=1",
					"$(inherited)",
				);
				GCC_WARN_64_TO_32_BIT_CONVERSION = YES;
				GCC_WARN_ABOUT_RETURN_TYPE = YES_ERROR;
				GCC_WARN_UNDECLARED_SELECTOR = YES;
				GCC_WARN_UNINITIALIZED_AUTOS = YES_AGGRESSIVE;
				GCC_WARN_UNUSED_FUNCTION = YES;
				GCC_WARN_UNUSED_VARIABLE = YES;
				MACOSX_DEPLOYMENT_TARGET = 13.3;
				MTL_ENABLE_DEBUG_INFO = INCLUDE_SOURCE;
				MTL_FAST_MATH = YES;
				ONLY_ACTIVE_ARCH = YES;
				SDKROOT = macosx;
			};
			name = Debug;
		};
		A5C8CD1F2A13D63200A8CC82 /* Release */ = {
			isa = XCBuildConfiguration;
			buildSettings = {
				ALWAYS_SEARCH_USER_PATHS = NO;
				CLANG_ANALYZER_NONNULL = YES;
				CLANG_ANALYZER_NUMBER_OBJECT_CONVERSION = YES_AGGRESSIVE;
				CLANG_CXX_LANGUAGE_STANDARD = "gnu++20";
				CLANG_ENABLE_MODULES = YES;
				CLANG_ENABLE_OBJC_ARC = YES;
				CLANG_ENABLE_OBJC_WEAK = YES;
				CLANG_WARN_BLOCK_CAPTURE_AUTORELEASING = YES;
				CLANG_WARN_BOOL_CONVERSION = YES;
				CLANG_WARN_COMMA = YES;
				CLANG_WARN_CONSTANT_CONVERSION = YES;
				CLANG_WARN_DEPRECATED_OBJC_IMPLEMENTATIONS = YES;
				CLANG_WARN_DIRECT_OBJC_ISA_USAGE = YES_ERROR;
				CLANG_WARN_DOCUMENTATION_COMMENTS = YES;
				CLANG_WARN_EMPTY_BODY = YES;
				CLANG_WARN_ENUM_CONVERSION = YES;
				CLANG_WARN_INFINITE_RECURSION = YES;
				CLANG_WARN_INT_CONVERSION = YES;
				CLANG_WARN_NON_LITERAL_NULL_CONVERSION = YES;
				CLANG_WARN_OBJC_IMPLICIT_RETAIN_SELF = YES;
				CLANG_WARN_OBJC_LITERAL_CONVERSION = YES;
				CLANG_WARN_OBJC_ROOT_CLASS = YES_ERROR;
				CLANG_WARN_QUOTED_INCLUDE_IN_FRAMEWORK_HEADER = YES;
				CLANG_WARN_RANGE_LOOP_ANALYSIS = YES;
				CLANG_WARN_STRICT_PROTOTYPES = YES;
				CLANG_WARN_SUSPICIOUS_MOVE = YES;
				CLANG_WARN_UNGUARDED_AVAILABILITY = YES_AGGRESSIVE;
				CLANG_WARN_UNREACHABLE_CODE = YES;
				CLANG_WARN__DUPLICATE_METHOD_MATCH = YES;
				COPY_PHASE_STRIP = NO;
				DEBUG_INFORMATION_FORMAT = "dwarf-with-dsym";
				ENABLE_NS_ASSERTIONS = NO;
				ENABLE_STRICT_OBJC_MSGSEND = YES;
				GCC_C_LANGUAGE_STANDARD = gnu11;
				GCC_NO_COMMON_BLOCKS = YES;
				GCC_WARN_64_TO_32_BIT_CONVERSION = YES;
				GCC_WARN_ABOUT_RETURN_TYPE = YES_ERROR;
				GCC_WARN_UNDECLARED_SELECTOR = YES;
				GCC_WARN_UNINITIALIZED_AUTOS = YES_AGGRESSIVE;
				GCC_WARN_UNUSED_FUNCTION = YES;
				GCC_WARN_UNUSED_VARIABLE = YES;
				MACOSX_DEPLOYMENT_TARGET = 13.3;
				MTL_ENABLE_DEBUG_INFO = NO;
				MTL_FAST_MATH = YES;
				SDKROOT = macosx;
			};
			name = Release;
		};
		A5C8CD212A13D63200A8CC82 /* Debug */ = {
			isa = XCBuildConfiguration;
			buildSettings = {
				CODE_SIGN_STYLE = Automatic;
				PRODUCT_NAME = "$(TARGET_NAME)";
			};
			name = Debug;
		};
		A5C8CD222A13D63200A8CC82 /* Release */ = {
			isa = XCBuildConfiguration;
			buildSettings = {
				CODE_SIGN_STYLE = Automatic;
				PRODUCT_NAME = "$(TARGET_NAME)";
			};
			name = Release;
		};
/* End XCBuildConfiguration section */

/* Begin XCConfigurationList section */
		A5C8CD142A13D63200A8CC82 /* Build configuration list for PBXProject "ForeignStock_Ch22_Challenge" */ = {
			isa = XCConfigurationList;
			buildConfigurations = (
				A5C8CD1E2A13D63200A8CC82 /* Debug */,
				A5C8CD1F2A13D63200A8CC82 /* Release */,
			);
			defaultConfigurationIsVisible = 0;
			defaultConfigurationName = Release;
		};
		A5C8CD202A13D63200A8CC82 /* Build configuration list for PBXNativeTarget "ForeignStock_Ch22_Challenge" */ = {
			isa = XCConfigurationList;
			buildConfigurations = (
				A5C8CD212A13D63200A8CC82 /* Debug */,
				A5C8CD222A13D63200A8CC82 /* Release */,
			);
			defaultConfigurationIsVisible = 0;
			defaultConfigurationName = Release;
		};
/* End XCConfigurationList section */
	};
	rootObject = A5C8CD112A13D63200A8CC82 /* Project object */;
}
